
Microsoft Visual Studio Solution File, Format Version 12.00
# Visual Studio 15
VisualStudioVersion = 15.0.27130.0
MinimumVisualStudioVersion = 10.0.40219.1
Project("{FAE04EC0-301F-11D3-BF4B-00C04F79EFBC}") = "RandomNumberListProject", "RandomNumberListProject\RandomNumberListProject.csproj", "{AA2691BC-CE0D-44EF-A514-B791C642CE97}"
EndProject
Project("{FAE04EC0-301F-11D3-BF4B-00C04F79EFBC}") = "UnitTestProject", "UnitTestProject1\UnitTestProject.csproj", "{87C94176-8276-4E61-87D7-B692CBAD2D1C}"
	ProjectSection(ProjectDependencies) = postProject
		{AA2691BC-CE0D-44EF-A514-B791C642CE97} = {AA2691BC-CE0D-44EF-A514-B791C642CE97}
	EndProjectSection
EndProject
Global
	GlobalSection(SolutionConfigurationPlatforms) = preSolution
		Debug|Any CPU = Debug|Any CPU
		Release|Any CPU = Release|Any CPU
	EndGlobalSection
	GlobalSection(ProjectConfigurationPlatforms) = postSolution
		{AA2691BC-CE0D-44EF-A514-B791C642CE97}.Debug|Any CPU.ActiveCfg = Debug|Any CPU
		{AA2691BC-CE0D-44EF-A514-B791C642CE97}.Debug|Any CPU.Build.0 = Debug|Any CPU
		{AA2691BC-CE0D-44EF-A514-B791C642CE97}.Release|Any CPU.ActiveCfg = Release|Any CPU
		{AA2691BC-CE0D-44EF-A514-B791C642CE97}.Release|Any CPU.Build.0 = Release|Any CPU
		{87C94176-8276-4E61-87D7-B692CBAD2D1C}.Debug|Any CPU.ActiveCfg = Debug|Any CPU
		{87C94176-8276-4E61-87D7-B692CBAD2D1C}.Debug|Any CPU.Build.0 = Debug|Any CPU
		{87C94176-8276-4E61-87D7-B692CBAD2D1C}.Release|Any CPU.ActiveCfg = Release|Any CPU
		{87C94176-8276-4E61-87D7-B692CBAD2D1C}.Release|Any CPU.Build.0 = Release|Any CPU
	EndGlobalSection
	GlobalSection(SolutionProperties) = preSolution
		HideSolutionNode = FALSE
	EndGlobalSection
	GlobalSection(ExtensibilityGlobals) = postSolution
		SolutionGuid = {1F27657E-6557-4CC8-A7EE-F206692A2048}
	EndGlobalSection
EndGlobal
